
Microsoft Visual Studio Solution File, Format Version 12.00
# Visual Studio Version 17
VisualStudioVersion = 17.2.32519.379
MinimumVisualStudioVersion = 10.0.40219.1
Project("{FAE04EC0-301F-11D3-BF4B-00C04F79EFBC}") = "lab_04", "lab_04\lab_04.csproj", "{FF978B1C-E589-4266-9598-05E5E44A6942}"
EndProject
Global
	GlobalSection(SolutionConfigurationPlatforms) = preSolution
		Debug|Any CPU = Debug|Any CPU
		Release|Any CPU = Release|Any CPU
	EndGlobalSection
	GlobalSection(ProjectConfigurationPlatforms) = postSolution
		{FF978B1C-E589-4266-9598-05E5E44A6942}.Debug|Any CPU.ActiveCfg = Debug|Any CPU
		{FF978B1C-E589-4266-9598-05E5E44A6942}.Debug|Any CPU.Build.0 = Debug|Any CPU
		{FF978B1C-E589-4266-9598-05E5E44A6942}.Release|Any CPU.ActiveCfg = Release|Any CPU
		{FF978B1C-E589-4266-9598-05E5E44A6942}.Release|Any CPU.Build.0 = Release|Any CPU
	EndGlobalSection
	GlobalSection(SolutionProperties) = preSolution
		HideSolutionNode = FALSE
	EndGlobalSection
	GlobalSection(ExtensibilityGlobals) = postSolution
		SolutionGuid = {8D3ADC6B-EBED-4DAE-BC9A-DE20234B4738}
	EndGlobalSection
EndGlobal
